
Microsoft Visual Studio Solution File, Format Version 12.00
# Visual Studio 15
Project("{FAE04EC0-301F-11D3-BF4B-00C04F79EFBC}") = "Assembly-CSharp", "Assembly-CSharp.csproj", "{56506DCD-90C5-0493-D9DD-44E6E5AD224F}"
EndProject
Project("{FAE04EC0-301F-11D3-BF4B-00C04F79EFBC}") = "Assembly-CSharp-Editor", "Assembly-CSharp-Editor.csproj", "{89EF7046-AE23-6B76-A110-35162F198082}"
EndProject
Global
	GlobalSection(SolutionConfigurationPlatforms) = preSolution
		Debug|Any CPU = Debug|Any CPU
		Release|Any CPU = Release|Any CPU
	EndGlobalSection
	GlobalSection(ProjectConfigurationPlatforms) = postSolution
		{56506DCD-90C5-0493-D9DD-44E6E5AD224F}.Debug|Any CPU.ActiveCfg = Debug|Any CPU
		{56506DCD-90C5-0493-D9DD-44E6E5AD224F}.Debug|Any CPU.Build.0 = Debug|Any CPU
		{56506DCD-90C5-0493-D9DD-44E6E5AD224F}.Release|Any CPU.ActiveCfg = Release|Any CPU
		{56506DCD-90C5-0493-D9DD-44E6E5AD224F}.Release|Any CPU.Build.0 = Release|Any CPU
		{89EF7046-AE23-6B76-A110-35162F198082}.Debug|Any CPU.ActiveCfg = Debug|Any CPU
		{89EF7046-AE23-6B76-A110-35162F198082}.Debug|Any CPU.Build.0 = Debug|Any CPU
		{89EF7046-AE23-6B76-A110-35162F198082}.Release|Any CPU.ActiveCfg = Release|Any CPU
		{89EF7046-AE23-6B76-A110-35162F198082}.Release|Any CPU.Build.0 = Release|Any CPU
	EndGlobalSection
	GlobalSection(SolutionProperties) = preSolution
		HideSolutionNode = FALSE
	EndGlobalSection
EndGlobal
